// !$*UTF8*$!
{
	archiveVersion = 1;
	classes = {
	};
	objectVersion = 46;
	objects = {

/* Begin PBXBuildFile section */
		82F60DE31EBA5CD7008D18BB /* AppDelegate.swift in Sources */ = {isa = PBXBuildFile; fileRef = 82F60DE21EBA5CD7008D18BB /* AppDelegate.swift */; };
		82F60DE51EBA5CD7008D18BB /* ViewController.swift in Sources */ = {isa = PBXBuildFile; fileRef = 82F60DE41EBA5CD7008D18BB /* ViewController.swift */; };
		82F60DE81EBA5CD7008D18BB /* Main.storyboard in Resources */ = {isa = PBXBuildFile; fileRef = 82F60DE61EBA5CD7008D18BB /* Main.storyboard */; };
		82F60DEA1EBA5CD7008D18BB /* Assets.xcassets in Resources */ = {isa = PBXBuildFile; fileRef = 82F60DE91EBA5CD7008D18BB /* Assets.xcassets */; };
		82F60DED1EBA5CD7008D18BB /* LaunchScreen.storyboard in Resources */ = {isa = PBXBuildFile; fileRef = 82F60DEB1EBA5CD7008D18BB /* LaunchScreen.storyboard */; };
		82F60DF81EBA5CD7008D18BB /* LibraryBookTests.swift in Sources */ = {isa = PBXBuildFile; fileRef = 82F60DF71EBA5CD7008D18BB /* LibraryBookTests.swift */; };
		82F60E031EBA5CD8008D18BB /* LibraryBookUITests.swift in Sources */ = {isa = PBXBuildFile; fileRef = 82F60E021EBA5CD8008D18BB /* LibraryBookUITests.swift */; };
/* End PBXBuildFile section */

/* Begin PBXContainerItemProxy section */
		82F60DF41EBA5CD7008D18BB /* PBXContainerItemProxy */ = {
			isa = PBXContainerItemProxy;
			containerPortal = 82F60DD71EBA5CD7008D18BB /* Project object */;
			proxyType = 1;
			remoteGlobalIDString = 82F60DDE1EBA5CD7008D18BB;
			remoteInfo = LibraryBook;
		};
		82F60DFF1EBA5CD8008D18BB /* PBXContainerItemProxy */ = {
			isa = PBXContainerItemProxy;
			containerPortal = 82F60DD71EBA5CD7008D18BB /* Project object */;
			proxyType = 1;
			remoteGlobalIDString = 82F60DDE1EBA5CD7008D18BB;
			remoteInfo = LibraryBook;
		};
/* End PBXContainerItemProxy section */

/* Begin PBXFileReference section */
		82F60DDF1EBA5CD7008D18BB /* LibraryBook.app */ = {isa = PBXFileReference; explicitFileType = wrapper.application; includeInIndex = 0; path = LibraryBook.app; sourceTree = BUILT_PRODUCTS_DIR; };
		82F60DE21EBA5CD7008D18BB /* AppDelegate.swift */ = {isa = PBXFileReference; lastKnownFileType = sourcecode.swift; path = AppDelegate.swift; sourceTree = "<group>"; };
		82F60DE41EBA5CD7008D18BB /* ViewController.swift */ = {isa = PBXFileReference; lastKnownFileType = sourcecode.swift; path = ViewController.swift; sourceTree = "<group>"; };
		82F60DE71EBA5CD7008D18BB /* Base */ = {isa = PBXFileReference; lastKnownFileType = file.storyboard; name = Base; path = Base.lproj/Main.storyboard; sourceTree = "<group>"; };
		82F60DE91EBA5CD7008D18BB /* Assets.xcassets */ = {isa = PBXFileReference; lastKnownFileType = folder.assetcatalog; path = Assets.xcassets; sourceTree = "<group>"; };
		82F60DEC1EBA5CD7008D18BB /* Base */ = {isa = PBXFileReference; lastKnownFileType = file.storyboard; name = Base; path = Base.lproj/LaunchScreen.storyboard; sourceTree = "<group>"; };
		82F60DEE1EBA5CD7008D18BB /* Info.plist */ = {isa = PBXFileReference; lastKnownFileType = text.plist.xml; path = Info.plist; sourceTree = "<group>"; };
		82F60DF31EBA5CD7008D18BB /* LibraryBookTests.xctest */ = {isa = PBXFileReference; explicitFileType = wrapper.cfbundle; includeInIndex = 0; path = LibraryBookTests.xctest; sourceTree = BUILT_PRODUCTS_DIR; };
		82F60DF71EBA5CD7008D18BB /* LibraryBookTests.swift */ = {isa = PBXFileReference; lastKnownFileType = sourcecode.swift; path = LibraryBookTests.swift; sourceTree = "<group>"; };
		82F60DF91EBA5CD7008D18BB /* Info.plist */ = {isa = PBXFileReference; lastKnownFileType = text.plist.xml; path = Info.plist; sourceTree = "<group>"; };
		82F60DFE1EBA5CD8008D18BB /* LibraryBookUITests.xctest */ = {isa = PBXFileReference; explicitFileType = wrapper.cfbundle; includeInIndex = 0; path = LibraryBookUITests.xctest; sourceTree = BUILT_PRODUCTS_DIR; };
		82F60E021EBA5CD8008D18BB /* LibraryBookUITests.swift */ = {isa = PBXFileReference; lastKnownFileType = sourcecode.swift; path = LibraryBookUITests.swift; sourceTree = "<group>"; };
		82F60E041EBA5CD8008D18BB /* Info.plist */ = {isa = PBXFileReference; lastKnownFileType = text.plist.xml; path = Info.plist; sourceTree = "<group>"; };
/* End PBXFileReference section */

/* Begin PBXFrameworksBuildPhase section */
		82F60DDC1EBA5CD7008D18BB /* Frameworks */ = {
			isa = PBXFrameworksBuildPhase;
			buildActionMask = 2147483647;
			files = (
			);
			runOnlyForDeploymentPostprocessing = 0;
		};
		82F60DF01EBA5CD7008D18BB /* Frameworks */ = {
			isa = PBXFrameworksBuildPhase;
			buildActionMask = 2147483647;
			files = (
			);
			runOnlyForDeploymentPostprocessing = 0;
		};
		82F60DFB1EBA5CD8008D18BB /* Frameworks */ = {
			isa = PBXFrameworksBuildPhase;
			buildActionMask = 2147483647;
			files = (
			);
			runOnlyForDeploymentPostprocessing = 0;
		};
/* End PBXFrameworksBuildPhase section */

/* Begin PBXGroup section */
		82F60DD61EBA5CD7008D18BB = {
			isa = PBXGroup;
			children = (
				82F60DE11EBA5CD7008D18BB /* LibraryBook */,
				82F60DF61EBA5CD7008D18BB /* LibraryBookTests */,
				82F60E011EBA5CD8008D18BB /* LibraryBookUITests */,
				82F60DE01EBA5CD7008D18BB /* Products */,
			);
			sourceTree = "<group>";
		};
		82F60DE01EBA5CD7008D18BB /* Products */ = {
			isa = PBXGroup;
			children = (
				82F60DDF1EBA5CD7008D18BB /* LibraryBook.app */,
				82F60DF31EBA5CD7008D18BB /* LibraryBookTests.xctest */,
				82F60DFE1EBA5CD8008D18BB /* LibraryBookUITests.xctest */,
			);
			name = Products;
			sourceTree = "<group>";
		};
		82F60DE11EBA5CD7008D18BB /* LibraryBook */ = {
			isa = PBXGroup;
			children = (
				82F60DE21EBA5CD7008D18BB /* AppDelegate.swift */,
				82F60DE41EBA5CD7008D18BB /* ViewController.swift */,
				82F60DE61EBA5CD7008D18BB /* Main.storyboard */,
				82F60DE91EBA5CD7008D18BB /* Assets.xcassets */,
				82F60DEB1EBA5CD7008D18BB /* LaunchScreen.storyboard */,
				82F60DEE1EBA5CD7008D18BB /* Info.plist */,
			);
			path = LibraryBook;
			sourceTree = "<group>";
		};
		82F60DF61EBA5CD7008D18BB /* LibraryBookTests */ = {
			isa = PBXGroup;
			children = (
				82F60DF71EBA5CD7008D18BB /* LibraryBookTests.swift */,
				82F60DF91EBA5CD7008D18BB /* Info.plist */,
			);
			path = LibraryBookTests;
			sourceTree = "<group>";
		};
		82F60E011EBA5CD8008D18BB /* LibraryBookUITests */ = {
			isa = PBXGroup;
			children = (
				82F60E021EBA5CD8008D18BB /* LibraryBookUITests.swift */,
				82F60E041EBA5CD8008D18BB /* Info.plist */,
			);
			path = LibraryBookUITests;
			sourceTree = "<group>";
		};
/* End PBXGroup section */

/* Begin PBXNativeTarget section */
		82F60DDE1EBA5CD7008D18BB /* LibraryBook */ = {
			isa = PBXNativeTarget;
			buildConfigurationList = 82F60E071EBA5CD8008D18BB /* Build configuration list for PBXNativeTarget "LibraryBook" */;
			buildPhases = (
				82F60DDB1EBA5CD7008D18BB /* Sources */,
				82F60DDC1EBA5CD7008D18BB /* Frameworks */,
				82F60DDD1EBA5CD7008D18BB /* Resources */,
			);
			buildRules = (
			);
			dependencies = (
			);
			name = LibraryBook;
			productName = LibraryBook;
			productReference = 82F60DDF1EBA5CD7008D18BB /* LibraryBook.app */;
			productType = "com.apple.product-type.application";
		};
		82F60DF21EBA5CD7008D18BB /* LibraryBookTests */ = {
			isa = PBXNativeTarget;
			buildConfigurationList = 82F60E0A1EBA5CD8008D18BB /* Build configuration list for PBXNativeTarget "LibraryBookTests" */;
			buildPhases = (
				82F60DEF1EBA5CD7008D18BB /* Sources */,
				82F60DF01EBA5CD7008D18BB /* Frameworks */,
				82F60DF11EBA5CD7008D18BB /* Resources */,
			);
			buildRules = (
			);
			dependencies = (
				82F60DF51EBA5CD7008D18BB /* PBXTargetDependency */,
			);
			name = LibraryBookTests;
			productName = LibraryBookTests;
			productReference = 82F60DF31EBA5CD7008D18BB /* LibraryBookTests.xctest */;
			productType = "com.apple.product-type.bundle.unit-test";
		};
		82F60DFD1EBA5CD8008D18BB /* LibraryBookUITests */ = {
			isa = PBXNativeTarget;
			buildConfigurationList = 82F60E0D1EBA5CD8008D18BB /* Build configuration list for PBXNativeTarget "LibraryBookUITests" */;
			buildPhases = (
				82F60DFA1EBA5CD8008D18BB /* Sources */,
				82F60DFB1EBA5CD8008D18BB /* Frameworks */,
				82F60DFC1EBA5CD8008D18BB /* Resources */,
			);
			buildRules = (
			);
			dependencies = (
				82F60E001EBA5CD8008D18BB /* PBXTargetDependency */,
			);
			name = LibraryBookUITests;
			productName = LibraryBookUITests;
			productReference = 82F60DFE1EBA5CD8008D18BB /* LibraryBookUITests.xctest */;
			productType = "com.apple.product-type.bundle.ui-testing";
		};
/* End PBXNativeTarget section */

/* Begin PBXProject section */
		82F60DD71EBA5CD7008D18BB /* Project object */ = {
			isa = PBXProject;
			attributes = {
				LastSwiftUpdateCheck = 0830;
				LastUpgradeCheck = 0830;
				ORGANIZATIONNAME = "Crystal Jade Allen-Washington";
				TargetAttributes = {
					82F60DDE1EBA5CD7008D18BB = {
						CreatedOnToolsVersion = 8.3;
						ProvisioningStyle = Automatic;
					};
					82F60DF21EBA5CD7008D18BB = {
						CreatedOnToolsVersion = 8.3;
						ProvisioningStyle = Automatic;
						TestTargetID = 82F60DDE1EBA5CD7008D18BB;
					};
					82F60DFD1EBA5CD8008D18BB = {
						CreatedOnToolsVersion = 8.3;
						ProvisioningStyle = Automatic;
						TestTargetID = 82F60DDE1EBA5CD7008D18BB;
					};
				};
			};
			buildConfigurationList = 82F60DDA1EBA5CD7008D18BB /* Build configuration list for PBXProject "LibraryBook" */;
			compatibilityVersion = "Xcode 3.2";
			developmentRegion = English;
			hasScannedForEncodings = 0;
			knownRegions = (
				en,
				Base,
			);
			mainGroup = 82F60DD61EBA5CD7008D18BB;
			productRefGroup = 82F60DE01EBA5CD7008D18BB /* Products */;
			projectDirPath = "";
			projectRoot = "";
			targets = (
				82F60DDE1EBA5CD7008D18BB /* LibraryBook */,
				82F60DF21EBA5CD7008D18BB /* LibraryBookTests */,
				82F60DFD1EBA5CD8008D18BB /* LibraryBookUITests */,
			);
		};
/* End PBXProject section */

/* Begin PBXResourcesBuildPhase section */
		82F60DDD1EBA5CD7008D18BB /* Resources */ = {
			isa = PBXResourcesBuildPhase;
			buildActionMask = 2147483647;
			files = (
				82F60DED1EBA5CD7008D18BB /* LaunchScreen.storyboard in Resources */,
				82F60DEA1EBA5CD7008D18BB /* Assets.xcassets in Resources */,
				82F60DE81EBA5CD7008D18BB /* Main.storyboard in Resources */,
			);
			runOnlyForDeploymentPostprocessing = 0;
		};
		82F60DF11EBA5CD7008D18BB /* Resources */ = {
			isa = PBXResourcesBuildPhase;
			buildActionMask = 2147483647;
			files = (
			);
			runOnlyForDeploymentPostprocessing = 0;
		};
		82F60DFC1EBA5CD8008D18BB /* Resources */ = {
			isa = PBXResourcesBuildPhase;
			buildActionMask = 2147483647;
			files = (
			);
			runOnlyForDeploymentPostprocessing = 0;
		};
/* End PBXResourcesBuildPhase section */

/* Begin PBXSourcesBuildPhase section */
		82F60DDB1EBA5CD7008D18BB /* Sources */ = {
			isa = PBXSourcesBuildPhase;
			buildActionMask = 2147483647;
			files = (
				82F60DE51EBA5CD7008D18BB /* ViewController.swift in Sources */,
				82F60DE31EBA5CD7008D18BB /* AppDelegate.swift in Sources */,
			);
			runOnlyForDeploymentPostprocessing = 0;
		};
		82F60DEF1EBA5CD7008D18BB /* Sources */ = {
			isa = PBXSourcesBuildPhase;
			buildActionMask = 2147483647;
			files = (
				82F60DF81EBA5CD7008D18BB /* LibraryBookTests.swift in Sources */,
			);
			runOnlyForDeploymentPostprocessing = 0;
		};
		82F60DFA1EBA5CD8008D18BB /* Sources */ = {
			isa = PBXSourcesBuildPhase;
			buildActionMask = 2147483647;
			files = (
				82F60E031EBA5CD8008D18BB /* LibraryBookUITests.swift in Sources */,
			);
			runOnlyForDeploymentPostprocessing = 0;
		};
/* End PBXSourcesBuildPhase section */

/* Begin PBXTargetDependency section */
		82F60DF51EBA5CD7008D18BB /* PBXTargetDependency */ = {
			isa = PBXTargetDependency;
			target = 82F60DDE1EBA5CD7008D18BB /* LibraryBook */;
			targetProxy = 82F60DF41EBA5CD7008D18BB /* PBXContainerItemProxy */;
		};
		82F60E001EBA5CD8008D18BB /* PBXTargetDependency */ = {
			isa = PBXTargetDependency;
			target = 82F60DDE1EBA5CD7008D18BB /* LibraryBook */;
			targetProxy = 82F60DFF1EBA5CD8008D18BB /* PBXContainerItemProxy */;
		};
/* End PBXTargetDependency section */

/* Begin PBXVariantGroup section */
		82F60DE61EBA5CD7008D18BB /* Main.storyboard */ = {
			isa = PBXVariantGroup;
			children = (
				82F60DE71EBA5CD7008D18BB /* Base */,
			);
			name = Main.storyboard;
			sourceTree = "<group>";
		};
		82F60DEB1EBA5CD7008D18BB /* LaunchScreen.storyboard */ = {
			isa = PBXVariantGroup;
			children = (
				82F60DEC1EBA5CD7008D18BB /* Base */,
			);
			name = LaunchScreen.storyboard;
			sourceTree = "<group>";
		};
/* End PBXVariantGroup section */

/* Begin XCBuildConfiguration section */
		82F60E051EBA5CD8008D18BB /* Debug */ = {
			isa = XCBuildConfiguration;
			buildSettings = {
				ALWAYS_SEARCH_USER_PATHS = NO;
				CLANG_ANALYZER_NONNULL = YES;
				CLANG_ANALYZER_NUMBER_OBJECT_CONVERSION = YES_AGGRESSIVE;
				CLANG_CXX_LANGUAGE_STANDARD = "gnu++0x";
				CLANG_CXX_LIBRARY = "libc++";
				CLANG_ENABLE_MODULES = YES;
				CLANG_ENABLE_OBJC_ARC = YES;
				CLANG_WARN_BOOL_CONVERSION = YES;
				CLANG_WARN_CONSTANT_CONVERSION = YES;
				CLANG_WARN_DIRECT_OBJC_ISA_USAGE = YES_ERROR;
				CLANG_WARN_DOCUMENTATION_COMMENTS = YES;
				CLANG_WARN_EMPTY_BODY = YES;
				CLANG_WARN_ENUM_CONVERSION = YES;
				CLANG_WARN_INFINITE_RECURSION = YES;
				CLANG_WARN_INT_CONVERSION = YES;
				CLANG_WARN_OBJC_ROOT_CLASS = YES_ERROR;
				CLANG_WARN_SUSPICIOUS_MOVE = YES;
				CLANG_WARN_UNREACHABLE_CODE = YES;
				CLANG_WARN__DUPLICATE_METHOD_MATCH = YES;
				"CODE_SIGN_IDENTITY[sdk=iphoneos*]" = "iPhone Developer";
				COPY_PHASE_STRIP = NO;
				DEBUG_INFORMATION_FORMAT = dwarf;
				ENABLE_STRICT_OBJC_MSGSEND = YES;
				ENABLE_TESTABILITY = YES;
				GCC_C_LANGUAGE_STANDARD = gnu99;
				GCC_DYNAMIC_NO_PIC = NO;
				GCC_NO_COMMON_BLOCKS = YES;
				GCC_OPTIMIZATION_LEVEL = 0;
				GCC_PREPROCESSOR_DEFINITIONS = (
					"DEBUG=1",
					"$(inherited)",
				);
				GCC_WARN_64_TO_32_BIT_CONVERSION = YES;
				GCC_WARN_ABOUT_RETURN_TYPE = YES_ERROR;
				GCC_WARN_UNDECLARED_SELECTOR = YES;
				GCC_WARN_UNINITIALIZED_AUTOS = YES_AGGRESSIVE;
				GCC_WARN_UNUSED_FUNCTION = YES;
				GCC_WARN_UNUSED_VARIABLE = YES;
				IPHONEOS_DEPLOYMENT_TARGET = 10.3;
				MTL_ENABLE_DEBUG_INFO = YES;
				ONLY_ACTIVE_ARCH = YES;
				SDKROOT = iphoneos;
				SWIFT_ACTIVE_COMPILATION_CONDITIONS = DEBUG;
				SWIFT_OPTIMIZATION_LEVEL = "-Onone";
				TARGETED_DEVICE_FAMILY = "1,2";
			};
			name = Debug;
		};
		82F60E061EBA5CD8008D18BB /* Release */ = {
			isa = XCBuildConfiguration;
			buildSettings = {
				ALWAYS_SEARCH_USER_PATHS = NO;
				CLANG_ANALYZER_NONNULL = YES;
				CLANG_ANALYZER_NUMBER_OBJECT_CONVERSION = YES_AGGRESSIVE;
				CLANG_CXX_LANGUAGE_STANDARD = "gnu++0x";
				CLANG_CXX_LIBRARY = "libc++";
				CLANG_ENABLE_MODULES = YES;
				CLANG_ENABLE_OBJC_ARC = YES;
				CLANG_WARN_BOOL_CONVERSION = YES;
				CLANG_WARN_CONSTANT_CONVERSION = YES;
				CLANG_WARN_DIRECT_OBJC_ISA_USAGE = YES_ERROR;
				CLANG_WARN_DOCUMENTATION_COMMENTS = YES;
				CLANG_WARN_EMPTY_BODY = YES;
				CLANG_WARN_ENUM_CONVERSION = YES;
				CLANG_WARN_INFINITE_RECURSION = YES;
				CLANG_WARN_INT_CONVERSION = YES;
				CLANG_WARN_OBJC_ROOT_CLASS = YES_ERROR;
				CLANG_WARN_SUSPICIOUS_MOVE = YES;
				CLANG_WARN_UNREACHABLE_CODE = YES;
				CLANG_WARN__DUPLICATE_METHOD_MATCH = YES;
				"CODE_SIGN_IDENTITY[sdk=iphoneos*]" = "iPhone Developer";
				COPY_PHASE_STRIP = NO;
				DEBUG_INFORMATION_FORMAT = "dwarf-with-dsym";
				ENABLE_NS_ASSERTIONS = NO;
				ENABLE_STRICT_OBJC_MSGSEND = YES;
				GCC_C_LANGUAGE_STANDARD = gnu99;
				GCC_NO_COMMON_BLOCKS = YES;
				GCC_WARN_64_TO_32_BIT_CONVERSION = YES;
				GCC_WARN_ABOUT_RETURN_TYPE = YES_ERROR;
				GCC_WARN_UNDECLARED_SELECTOR = YES;
				GCC_WARN_UNINITIALIZED_AUTOS = YES_AGGRESSIVE;
				GCC_WARN_UNUSED_FUNCTION = YES;
				GCC_WARN_UNUSED_VARIABLE = YES;
				IPHONEOS_DEPLOYMENT_TARGET = 10.3;
				MTL_ENABLE_DEBUG_INFO = NO;
				SDKROOT = iphoneos;
				SWIFT_OPTIMIZATION_LEVEL = "-Owholemodule";
				TARGETED_DEVICE_FAMILY = "1,2";
				VALIDATE_PRODUCT = YES;
			};
			name = Release;
		};
		82F60E081EBA5CD8008D18BB /* Debug */ = {
			isa = XCBuildConfiguration;
			buildSettings = {
				ASSETCATALOG_COMPILER_APPICON_NAME = AppIcon;
				INFOPLIST_FILE = LibraryBook/Info.plist;
				LD_RUNPATH_SEARCH_PATHS = "$(inherited) @executable_path/Frameworks";
				PRODUCT_BUNDLE_IDENTIFIER = com.yeahhhhbaby.LibraryBook;
				PRODUCT_NAME = "$(TARGET_NAME)";
				SWIFT_VERSION = 3.0;
			};
			name = Debug;
		};
		82F60E091EBA5CD8008D18BB /* Release */ = {
			isa = XCBuildConfiguration;
			buildSettings = {
				ASSETCATALOG_COMPILER_APPICON_NAME = AppIcon;
				INFOPLIST_FILE = LibraryBook/Info.plist;
				LD_RUNPATH_SEARCH_PATHS = "$(inherited) @executable_path/Frameworks";
				PRODUCT_BUNDLE_IDENTIFIER = com.yeahhhhbaby.LibraryBook;
				PRODUCT_NAME = "$(TARGET_NAME)";
				SWIFT_VERSION = 3.0;
			};
			name = Release;
		};
		82F60E0B1EBA5CD8008D18BB /* Debug */ = {
			isa = XCBuildConfiguration;
			buildSettings = {
				ALWAYS_EMBED_SWIFT_STANDARD_LIBRARIES = YES;
				BUNDLE_LOADER = "$(TEST_HOST)";
				INFOPLIST_FILE = LibraryBookTests/Info.plist;
				LD_RUNPATH_SEARCH_PATHS = "$(inherited) @executable_path/Frameworks @loader_path/Frameworks";
				PRODUCT_BUNDLE_IDENTIFIER = com.yeahhhhbaby.LibraryBookTests;
				PRODUCT_NAME = "$(TARGET_NAME)";
				SWIFT_VERSION = 3.0;
				TEST_HOST = "$(BUILT_PRODUCTS_DIR)/LibraryBook.app/LibraryBook";
			};
			name = Debug;
		};
		82F60E0C1EBA5CD8008D18BB /* Release */ = {
			isa = XCBuildConfiguration;
			buildSettings = {
				ALWAYS_EMBED_SWIFT_STANDARD_LIBRARIES = YES;
				BUNDLE_LOADER = "$(TEST_HOST)";
				INFOPLIST_FILE = LibraryBookTests/Info.plist;
				LD_RUNPATH_SEARCH_PATHS = "$(inherited) @executable_path/Frameworks @loader_path/Frameworks";
				PRODUCT_BUNDLE_IDENTIFIER = com.yeahhhhbaby.LibraryBookTests;
				PRODUCT_NAME = "$(TARGET_NAME)";
				SWIFT_VERSION = 3.0;
				TEST_HOST = "$(BUILT_PRODUCTS_DIR)/LibraryBook.app/LibraryBook";
			};
			name = Release;
		};
		82F60E0E1EBA5CD8008D18BB /* Debug */ = {
			isa = XCBuildConfiguration;
			buildSettings = {
				ALWAYS_EMBED_SWIFT_STANDARD_LIBRARIES = YES;
				INFOPLIST_FILE = LibraryBookUITests/Info.plist;
				LD_RUNPATH_SEARCH_PATHS = "$(inherited) @executable_path/Frameworks @loader_path/Frameworks";
				PRODUCT_BUNDLE_IDENTIFIER = com.yeahhhhbaby.LibraryBookUITests;
				PRODUCT_NAME = "$(TARGET_NAME)";
				SWIFT_VERSION = 3.0;
				TEST_TARGET_NAME = LibraryBook;
			};
			name = Debug;
		};
		82F60E0F1EBA5CD8008D18BB /* Release */ = {
			isa = XCBuildConfiguration;
			buildSettings = {
				ALWAYS_EMBED_SWIFT_STANDARD_LIBRARIES = YES;
				INFOPLIST_FILE = LibraryBookUITests/Info.plist;
				LD_RUNPATH_SEARCH_PATHS = "$(inherited) @executable_path/Frameworks @loader_path/Frameworks";
				PRODUCT_BUNDLE_IDENTIFIER = com.yeahhhhbaby.LibraryBookUITests;
				PRODUCT_NAME = "$(TARGET_NAME)";
				SWIFT_VERSION = 3.0;
				TEST_TARGET_NAME = LibraryBook;
			};
			name = Release;
		};
/* End XCBuildConfiguration section */

/* Begin XCConfigurationList section */
		82F60DDA1EBA5CD7008D18BB /* Build configuration list for PBXProject "LibraryBook" */ = {
			isa = XCConfigurationList;
			buildConfigurations = (
				82F60E051EBA5CD8008D18BB /* Debug */,
				82F60E061EBA5CD8008D18BB /* Release */,
			);
			defaultConfigurationIsVisible = 0;
			defaultConfigurationName = Release;
		};
		82F60E071EBA5CD8008D18BB /* Build configuration list for PBXNativeTarget "LibraryBook" */ = {
			isa = XCConfigurationList;
			buildConfigurations = (
				82F60E081EBA5CD8008D18BB /* Debug */,
				82F60E091EBA5CD8008D18BB /* Release */,
			);
			defaultConfigurationIsVisible = 0;
		};
		82F60E0A1EBA5CD8008D18BB /* Build configuration list for PBXNativeTarget "LibraryBookTests" */ = {
			isa = XCConfigurationList;
			buildConfigurations = (
				82F60E0B1EBA5CD8008D18BB /* Debug */,
				82F60E0C1EBA5CD8008D18BB /* Release */,
			);
			defaultConfigurationIsVisible = 0;
		};
		82F60E0D1EBA5CD8008D18BB /* Build configuration list for PBXNativeTarget "LibraryBookUITests" */ = {
			isa = XCConfigurationList;
			buildConfigurations = (
				82F60E0E1EBA5CD8008D18BB /* Debug */,
				82F60E0F1EBA5CD8008D18BB /* Release */,
			);
			defaultConfigurationIsVisible = 0;
		};
/* End XCConfigurationList section */
	};
	rootObject = 82F60DD71EBA5CD7008D18BB /* Project object */;
}
